
Microsoft Visual Studio Solution File, Format Version 12.00
# Visual Studio Version 17
VisualStudioVersion = 17.6.33829.357
MinimumVisualStudioVersion = 10.0.40219.1
Project("{FAE04EC0-301F-11D3-BF4B-00C04F79EFBC}") = "lector", "lector\lector.csproj", "{559D2DE9-567E-4A06-A28B-3F0F9E540B48}"
EndProject
Global
	GlobalSection(SolutionConfigurationPlatforms) = preSolution
		Debug|Any CPU = Debug|Any CPU
		Release|Any CPU = Release|Any CPU
	EndGlobalSection
	GlobalSection(ProjectConfigurationPlatforms) = postSolution
		{559D2DE9-567E-4A06-A28B-3F0F9E540B48}.Debug|Any CPU.ActiveCfg = Debug|Any CPU
		{559D2DE9-567E-4A06-A28B-3F0F9E540B48}.Debug|Any CPU.Build.0 = Debug|Any CPU
		{559D2DE9-567E-4A06-A28B-3F0F9E540B48}.Release|Any CPU.ActiveCfg = Release|Any CPU
		{559D2DE9-567E-4A06-A28B-3F0F9E540B48}.Release|Any CPU.Build.0 = Release|Any CPU
	EndGlobalSection
	GlobalSection(SolutionProperties) = preSolution
		HideSolutionNode = FALSE
	EndGlobalSection
	GlobalSection(ExtensibilityGlobals) = postSolution
		SolutionGuid = {5B5CA375-70BD-460E-A5C2-3F0ED3C48966}
	EndGlobalSection
EndGlobal
